
Microsoft Visual Studio Solution File, Format Version 12.00
# Visual Studio Version 17
VisualStudioVersion = 17.14.36705.20 d17.14
MinimumVisualStudioVersion = 10.0.40219.1
Project("{FAE04EC0-301F-11D3-BF4B-00C04F79EFBC}") = "timing_S&S", "timing_S&S\timing_S&S.csproj", "{C1D03E04-CF13-4927-8C35-62A807E5BE1D}"
EndProject
Global
	GlobalSection(SolutionConfigurationPlatforms) = preSolution
		Debug|Any CPU = Debug|Any CPU
		Release|Any CPU = Release|Any CPU
	EndGlobalSection
	GlobalSection(ProjectConfigurationPlatforms) = postSolution
		{C1D03E04-CF13-4927-8C35-62A807E5BE1D}.Debug|Any CPU.ActiveCfg = Debug|Any CPU
		{C1D03E04-CF13-4927-8C35-62A807E5BE1D}.Debug|Any CPU.Build.0 = Debug|Any CPU
		{C1D03E04-CF13-4927-8C35-62A807E5BE1D}.Release|Any CPU.ActiveCfg = Release|Any CPU
		{C1D03E04-CF13-4927-8C35-62A807E5BE1D}.Release|Any CPU.Build.0 = Release|Any CPU
	EndGlobalSection
	GlobalSection(SolutionProperties) = preSolution
		HideSolutionNode = FALSE
	EndGlobalSection
	GlobalSection(ExtensibilityGlobals) = postSolution
		SolutionGuid = {22870141-DFA0-4C2D-8F10-DC925FF3D16D}
	EndGlobalSection
EndGlobal
