
Microsoft Visual Studio Solution File, Format Version 12.00
# Visual Studio Version 17
VisualStudioVersion = 17.14.36908.2 d17.14
MinimumVisualStudioVersion = 10.0.40219.1
Project("{FAE04EC0-301F-11D3-BF4B-00C04F79EFBC}") = "bubble_install", "bubble_install\bubble_install.csproj", "{5F821A5A-4818-4F0C-AADB-5922A1982820}"
EndProject
Global
	GlobalSection(SolutionConfigurationPlatforms) = preSolution
		Debug|Any CPU = Debug|Any CPU
		Release|Any CPU = Release|Any CPU
	EndGlobalSection
	GlobalSection(ProjectConfigurationPlatforms) = postSolution
		{5F821A5A-4818-4F0C-AADB-5922A1982820}.Debug|Any CPU.ActiveCfg = Debug|Any CPU
		{5F821A5A-4818-4F0C-AADB-5922A1982820}.Debug|Any CPU.Build.0 = Debug|Any CPU
		{5F821A5A-4818-4F0C-AADB-5922A1982820}.Release|Any CPU.ActiveCfg = Release|Any CPU
		{5F821A5A-4818-4F0C-AADB-5922A1982820}.Release|Any CPU.Build.0 = Release|Any CPU
	EndGlobalSection
	GlobalSection(SolutionProperties) = preSolution
		HideSolutionNode = FALSE
	EndGlobalSection
	GlobalSection(ExtensibilityGlobals) = postSolution
		SolutionGuid = {3F0CC377-01A2-4E45-B60D-A009B6C76B70}
	EndGlobalSection
EndGlobal
