
Microsoft Visual Studio Solution File, Format Version 12.00
# Visual Studio Version 17
VisualStudioVersion = 17.14.36908.2 d17.14
MinimumVisualStudioVersion = 10.0.40219.1
Project("{FAE04EC0-301F-11D3-BF4B-00C04F79EFBC}") = "Install", "Install\Install.csproj", "{D02D7A44-BBE5-4EA1-8FB1-BBB131A8D11F}"
EndProject
Global
	GlobalSection(SolutionConfigurationPlatforms) = preSolution
		Debug|Any CPU = Debug|Any CPU
		Release|Any CPU = Release|Any CPU
	EndGlobalSection
	GlobalSection(ProjectConfigurationPlatforms) = postSolution
		{D02D7A44-BBE5-4EA1-8FB1-BBB131A8D11F}.Debug|Any CPU.ActiveCfg = Debug|Any CPU
		{D02D7A44-BBE5-4EA1-8FB1-BBB131A8D11F}.Debug|Any CPU.Build.0 = Debug|Any CPU
		{D02D7A44-BBE5-4EA1-8FB1-BBB131A8D11F}.Release|Any CPU.ActiveCfg = Release|Any CPU
		{D02D7A44-BBE5-4EA1-8FB1-BBB131A8D11F}.Release|Any CPU.Build.0 = Release|Any CPU
	EndGlobalSection
	GlobalSection(SolutionProperties) = preSolution
		HideSolutionNode = FALSE
	EndGlobalSection
	GlobalSection(ExtensibilityGlobals) = postSolution
		SolutionGuid = {D3E3475E-2C95-4D89-84BC-B6D946C99975}
	EndGlobalSection
EndGlobal
