
Microsoft Visual Studio Solution File, Format Version 12.00
# Visual Studio Version 17
VisualStudioVersion = 17.14.36908.2 d17.14
MinimumVisualStudioVersion = 10.0.40219.1
Project("{FAE04EC0-301F-11D3-BF4B-00C04F79EFBC}") = "Bai1", "Bai1\Bai1.csproj", "{4DA84EDA-069A-4795-86DE-A8434072411E}"
EndProject
Global
	GlobalSection(SolutionConfigurationPlatforms) = preSolution
		Debug|Any CPU = Debug|Any CPU
		Release|Any CPU = Release|Any CPU
	EndGlobalSection
	GlobalSection(ProjectConfigurationPlatforms) = postSolution
		{4DA84EDA-069A-4795-86DE-A8434072411E}.Debug|Any CPU.ActiveCfg = Debug|Any CPU
		{4DA84EDA-069A-4795-86DE-A8434072411E}.Debug|Any CPU.Build.0 = Debug|Any CPU
		{4DA84EDA-069A-4795-86DE-A8434072411E}.Release|Any CPU.ActiveCfg = Release|Any CPU
		{4DA84EDA-069A-4795-86DE-A8434072411E}.Release|Any CPU.Build.0 = Release|Any CPU
	EndGlobalSection
	GlobalSection(SolutionProperties) = preSolution
		HideSolutionNode = FALSE
	EndGlobalSection
	GlobalSection(ExtensibilityGlobals) = postSolution
		SolutionGuid = {B65DF755-970F-45E2-9944-DED78F4E8C2F}
	EndGlobalSection
EndGlobal
